<?xml version="1.0" encoding="utf-8"?>
<Project ToolsVersion="4.0" xmlns="http://schemas.microsoft.com/developer/msbuild/2003">
  <ItemGroup>
    <Filter Include="Source Files">
      <UniqueIdentifier>{4FC737F1-C7A5-4376-A066-2A32D752A2FF}</UniqueIdentifier>
      <Extensions>cpp;c;cc;cxx;c++;cppm;ixx;def;odl;idl;hpj;bat;asm;asmx</Extensions>
    </Filter>
    <Filter Include="Header Files">
      <UniqueIdentifier>{93995380-89BD-4b04-88EB-625FBE52EBFB}</UniqueIdentifier>
      <Extensions>h;hh;hpp;hxx;h++;hm;inl;inc;ipp;xsd</Extensions>
    </Filter>
    <Filter Include="Resource Files">
      <UniqueIdentifier>{67DA6AB6-F800-4c08-8B7A-83BB121AAD01}</UniqueIdentifier>
      <Extensions>rc;ico;cur;bmp;dlg;rc2;rct;bin;rgs;gif;jpg;jpeg;jpe;resx;tiff;tif;png;wav;mfcribbon-ms</Extensions>
    </Filter>
    <Filter Include="Header Files\Engine">
      <UniqueIdentifier>{eb628387-6805-4b78-bb97-862d1935ba33}</UniqueIdentifier>
    </Filter>
    <Filter Include="Header Files\MineSweeper">
      <UniqueIdentifier>{095fb20c-6afe-48e7-9e4d-5c228d09ff26}</UniqueIdentifier>
    </Filter>
    <Filter Include="Header Files\Engine\Layout">
      <UniqueIdentifier>{9397e695-f87a-450d-b5e7-93ef6ba36a3c}</UniqueIdentifier>
    </Filter>
    <Filter Include="Header Files\Engine\General">
      <UniqueIdentifier>{4f4cbe2a-5350-4159-b6f9-a78598d37c8d}</UniqueIdentifier>
    </Filter>
    <Filter Include="Header Files\Engine\Components">
      <UniqueIdentifier>{85d2df12-98a9-4cc8-a85c-8083959499a6}</UniqueIdentifier>
    </Filter>
  </ItemGroup>
  <ItemGroup>
    <ClCompile Include="CMineSweeper.cpp">
      <Filter>Source Files</Filter>
    </ClCompile>
    <ClCompile Include="Cell.cpp">
      <Filter>Header Files\MineSweeper</Filter>
    </ClCompile>
    <ClCompile Include="Component.cpp">
      <Filter>Header Files\Engine\Components</Filter>
    </ClCompile>
  </ItemGroup>
  <ItemGroup>
    <ClInclude Include="UI.h">
      <Filter>Header Files\MineSweeper</Filter>
    </ClInclude>
    <ClInclude Include="Cell.h">
      <Filter>Header Files\MineSweeper</Filter>
    </ClInclude>
    <ClInclude Include="Grid.h">
      <Filter>Header Files\MineSweeper</Filter>
    </ClInclude>
    <ClInclude Include="NewGameButton.h">
      <Filter>Header Files\MineSweeper</Filter>
    </ClInclude>
    <ClInclude Include="FlagCounter.h">
      <Filter>Header Files\MineSweeper</Filter>
    </ClInclude>
    <ClInclude Include="Row.h">
      <Filter>Header Files\Engine\Layout</Filter>
    </ClInclude>
    <ClInclude Include="Globals.h">
      <Filter>Header Files\Engine\General</Filter>
    </ClInclude>
    <ClInclude Include="Random.h">
      <Filter>Header Files\Engine\General</Filter>
    </ClInclude>
    <ClInclude Include="Window.h">
      <Filter>Header Files\Engine\General</Filter>
    </ClInclude>
    <ClInclude Include="Button.h">
      <Filter>Header Files\Engine\Components</Filter>
    </ClInclude>
    <ClInclude Include="Component.h">
      <Filter>Header Files\Engine\Components</Filter>
    </ClInclude>
    <ClInclude Include="Image.h">
      <Filter>Header Files\Engine\Components</Filter>
    </ClInclude>
    <ClInclude Include="Rectangle.h">
      <Filter>Header Files\Engine\Components</Filter>
    </ClInclude>
    <ClInclude Include="Text.h">
      <Filter>Header Files\Engine\Components</Filter>
    </ClInclude>
    <ClInclude Include="Vector2D.h">
      <Filter>Header Files\Engine\General</Filter>
    </ClInclude>
    <ClInclude Include="Column.h">
      <Filter>Header Files\Engine\Layout</Filter>
    </ClInclude>
    <ClInclude Include="Layout.h">
      <Filter>Header Files\Engine\Layout</Filter>
    </ClInclude>
  </ItemGroup>
</Project>